
Microsoft Visual Studio Solution File, Format Version 12.00
# Visual Studio Version 17
VisualStudioVersion = 17.8.34525.116
MinimumVisualStudioVersion = 10.0.40219.1
Project("{9A19103F-16F7-4668-BE54-9A1E7A4F7556}") = "week22", "week22\week22.csproj", "{7FE03B6C-8430-4B3C-8852-96156AE267C9}"
EndProject
Project("{9A19103F-16F7-4668-BE54-9A1E7A4F7556}") = "UserGenderValidation", "UserAgeValidation\UserGenderValidation.csproj", "{319D9BDA-C948-440A-A8F9-5582DC33898A}"
EndProject
Project("{FAE04EC0-301F-11D3-BF4B-00C04F79EFBC}") = "UserAgeValidation1", "UserAgeValidation1\UserAgeValidation1.csproj", "{656E4C3F-527E-4458-BAFF-C73A344E90C0}"
EndProject
Global
	GlobalSection(SolutionConfigurationPlatforms) = preSolution
		Debug|Any CPU = Debug|Any CPU
		Release|Any CPU = Release|Any CPU
	EndGlobalSection
	GlobalSection(ProjectConfigurationPlatforms) = postSolution
		{7FE03B6C-8430-4B3C-8852-96156AE267C9}.Debug|Any CPU.ActiveCfg = Debug|Any CPU
		{7FE03B6C-8430-4B3C-8852-96156AE267C9}.Debug|Any CPU.Build.0 = Debug|Any CPU
		{7FE03B6C-8430-4B3C-8852-96156AE267C9}.Release|Any CPU.ActiveCfg = Release|Any CPU
		{7FE03B6C-8430-4B3C-8852-96156AE267C9}.Release|Any CPU.Build.0 = Release|Any CPU
		{319D9BDA-C948-440A-A8F9-5582DC33898A}.Debug|Any CPU.ActiveCfg = Debug|Any CPU
		{319D9BDA-C948-440A-A8F9-5582DC33898A}.Debug|Any CPU.Build.0 = Debug|Any CPU
		{319D9BDA-C948-440A-A8F9-5582DC33898A}.Release|Any CPU.ActiveCfg = Release|Any CPU
		{319D9BDA-C948-440A-A8F9-5582DC33898A}.Release|Any CPU.Build.0 = Release|Any CPU
		{656E4C3F-527E-4458-BAFF-C73A344E90C0}.Debug|Any CPU.ActiveCfg = Debug|Any CPU
		{656E4C3F-527E-4458-BAFF-C73A344E90C0}.Debug|Any CPU.Build.0 = Debug|Any CPU
		{656E4C3F-527E-4458-BAFF-C73A344E90C0}.Release|Any CPU.ActiveCfg = Release|Any CPU
		{656E4C3F-527E-4458-BAFF-C73A344E90C0}.Release|Any CPU.Build.0 = Release|Any CPU
	EndGlobalSection
	GlobalSection(SolutionProperties) = preSolution
		HideSolutionNode = FALSE
	EndGlobalSection
	GlobalSection(ExtensibilityGlobals) = postSolution
		SolutionGuid = {0BE47EB5-69E3-408D-AAFF-33BBEA2F4668}
	EndGlobalSection
EndGlobal
